
Microsoft Visual Studio Solution File, Format Version 12.00
# Visual Studio Version 17
VisualStudioVersion = 17.5.33530.505
MinimumVisualStudioVersion = 10.0.40219.1
Project("{9A19103F-16F7-4668-BE54-9A1E7A4F7556}") = "Newshore.Viajes.Api", "Newshore.Viajes.Api\Newshore.Viajes.Api.csproj", "{AB47C613-192C-4BC7-9F38-7638DB5FFFD1}"
EndProject
Project("{9A19103F-16F7-4668-BE54-9A1E7A4F7556}") = "Newshore.Viajes.Model", "Newshore.Viajes.Model\Newshore.Viajes.Model.csproj", "{2F725BE8-A19B-4D7C-BF33-D6EDB716E9BF}"
EndProject
Project("{9A19103F-16F7-4668-BE54-9A1E7A4F7556}") = "Newshore.Viajes.Application", "Newshore.Viajes.Application\Newshore.Viajes.Application.csproj", "{629C1952-EB74-425D-89BF-361F6D4CE490}"
EndProject
Project("{9A19103F-16F7-4668-BE54-9A1E7A4F7556}") = "Newshore.Viajes.Business", "Newshore.Viajes.Business\Newshore.Viajes.Business.csproj", "{156D3308-EBD2-405A-9B4E-84163707BFAF}"
EndProject
Project("{9A19103F-16F7-4668-BE54-9A1E7A4F7556}") = "Newshore.Viajes.Repository", "Newshore.Viajes.Repository\Newshore.Viajes.Repository.csproj", "{AD199FBD-5232-47EB-B851-9117CFF8F57B}"
EndProject
Project("{9A19103F-16F7-4668-BE54-9A1E7A4F7556}") = "Newshore.Viajes.Communications", "Newshore.Viajes.Communications\Newshore.Viajes.Communications.csproj", "{2902775A-E47C-406E-A1C0-FD879F08793C}"
EndProject
Project("{FAE04EC0-301F-11D3-BF4B-00C04F79EFBC}") = "Newshore.Viajes.UnitTest", "Newshore.Viajes.Test\Newshore.Viajes.UnitTest.csproj", "{DD270D47-1975-4997-8346-6C28B7C6BB65}"
EndProject
Project("{2150E333-8FDC-42A3-9474-1A3956D46DE8}") = "Test", "Test", "{ACFBC794-2027-4715-ADF6-1F850C24E61A}"
EndProject
Global
	GlobalSection(SolutionConfigurationPlatforms) = preSolution
		Debug|Any CPU = Debug|Any CPU
		Release|Any CPU = Release|Any CPU
	EndGlobalSection
	GlobalSection(ProjectConfigurationPlatforms) = postSolution
		{AB47C613-192C-4BC7-9F38-7638DB5FFFD1}.Debug|Any CPU.ActiveCfg = Debug|Any CPU
		{AB47C613-192C-4BC7-9F38-7638DB5FFFD1}.Debug|Any CPU.Build.0 = Debug|Any CPU
		{AB47C613-192C-4BC7-9F38-7638DB5FFFD1}.Release|Any CPU.ActiveCfg = Release|Any CPU
		{AB47C613-192C-4BC7-9F38-7638DB5FFFD1}.Release|Any CPU.Build.0 = Release|Any CPU
		{2F725BE8-A19B-4D7C-BF33-D6EDB716E9BF}.Debug|Any CPU.ActiveCfg = Debug|Any CPU
		{2F725BE8-A19B-4D7C-BF33-D6EDB716E9BF}.Debug|Any CPU.Build.0 = Debug|Any CPU
		{2F725BE8-A19B-4D7C-BF33-D6EDB716E9BF}.Release|Any CPU.ActiveCfg = Release|Any CPU
		{2F725BE8-A19B-4D7C-BF33-D6EDB716E9BF}.Release|Any CPU.Build.0 = Release|Any CPU
		{629C1952-EB74-425D-89BF-361F6D4CE490}.Debug|Any CPU.ActiveCfg = Debug|Any CPU
		{629C1952-EB74-425D-89BF-361F6D4CE490}.Debug|Any CPU.Build.0 = Debug|Any CPU
		{629C1952-EB74-425D-89BF-361F6D4CE490}.Release|Any CPU.ActiveCfg = Release|Any CPU
		{629C1952-EB74-425D-89BF-361F6D4CE490}.Release|Any CPU.Build.0 = Release|Any CPU
		{156D3308-EBD2-405A-9B4E-84163707BFAF}.Debug|Any CPU.ActiveCfg = Debug|Any CPU
		{156D3308-EBD2-405A-9B4E-84163707BFAF}.Debug|Any CPU.Build.0 = Debug|Any CPU
		{156D3308-EBD2-405A-9B4E-84163707BFAF}.Release|Any CPU.ActiveCfg = Release|Any CPU
		{156D3308-EBD2-405A-9B4E-84163707BFAF}.Release|Any CPU.Build.0 = Release|Any CPU
		{AD199FBD-5232-47EB-B851-9117CFF8F57B}.Debug|Any CPU.ActiveCfg = Debug|Any CPU
		{AD199FBD-5232-47EB-B851-9117CFF8F57B}.Debug|Any CPU.Build.0 = Debug|Any CPU
		{AD199FBD-5232-47EB-B851-9117CFF8F57B}.Release|Any CPU.ActiveCfg = Release|Any CPU
		{AD199FBD-5232-47EB-B851-9117CFF8F57B}.Release|Any CPU.Build.0 = Release|Any CPU
		{2902775A-E47C-406E-A1C0-FD879F08793C}.Debug|Any CPU.ActiveCfg = Debug|Any CPU
		{2902775A-E47C-406E-A1C0-FD879F08793C}.Debug|Any CPU.Build.0 = Debug|Any CPU
		{2902775A-E47C-406E-A1C0-FD879F08793C}.Release|Any CPU.ActiveCfg = Release|Any CPU
		{2902775A-E47C-406E-A1C0-FD879F08793C}.Release|Any CPU.Build.0 = Release|Any CPU
		{DD270D47-1975-4997-8346-6C28B7C6BB65}.Debug|Any CPU.ActiveCfg = Debug|Any CPU
		{DD270D47-1975-4997-8346-6C28B7C6BB65}.Debug|Any CPU.Build.0 = Debug|Any CPU
		{DD270D47-1975-4997-8346-6C28B7C6BB65}.Release|Any CPU.ActiveCfg = Release|Any CPU
		{DD270D47-1975-4997-8346-6C28B7C6BB65}.Release|Any CPU.Build.0 = Release|Any CPU
	EndGlobalSection
	GlobalSection(SolutionProperties) = preSolution
		HideSolutionNode = FALSE
	EndGlobalSection
	GlobalSection(NestedProjects) = preSolution
		{DD270D47-1975-4997-8346-6C28B7C6BB65} = {ACFBC794-2027-4715-ADF6-1F850C24E61A}
	EndGlobalSection
	GlobalSection(ExtensibilityGlobals) = postSolution
		SolutionGuid = {4D931FCB-230A-42CA-BB22-D0EA75BE772F}
	EndGlobalSection
EndGlobal
